
Microsoft Visual Studio Solution File, Format Version 12.00
# Visual Studio Version 16
VisualStudioVersion = 16.0.31410.357
MinimumVisualStudioVersion = 10.0.40219.1
Project("{FAE04EC0-301F-11D3-BF4B-00C04F79EFBC}") = "MarsRover", "MarsRover.csproj", "{B9A4E66E-58B0-4BB3-934D-4E476E8C6758}"
EndProject
Project("{FAE04EC0-301F-11D3-BF4B-00C04F79EFBC}") = "MarsRover.Tests", "..\MarsRover.Tests\MarsRover.Tests.csproj", "{A88700EA-7048-473A-97CE-45FA600B7803}"
EndProject
Global
	GlobalSection(SolutionConfigurationPlatforms) = preSolution
		Debug|Any CPU = Debug|Any CPU
		Release|Any CPU = Release|Any CPU
	EndGlobalSection
	GlobalSection(ProjectConfigurationPlatforms) = postSolution
		{B9A4E66E-58B0-4BB3-934D-4E476E8C6758}.Debug|Any CPU.ActiveCfg = Debug|Any CPU
		{B9A4E66E-58B0-4BB3-934D-4E476E8C6758}.Debug|Any CPU.Build.0 = Debug|Any CPU
		{B9A4E66E-58B0-4BB3-934D-4E476E8C6758}.Release|Any CPU.ActiveCfg = Release|Any CPU
		{B9A4E66E-58B0-4BB3-934D-4E476E8C6758}.Release|Any CPU.Build.0 = Release|Any CPU
		{A88700EA-7048-473A-97CE-45FA600B7803}.Debug|Any CPU.ActiveCfg = Debug|Any CPU
		{A88700EA-7048-473A-97CE-45FA600B7803}.Debug|Any CPU.Build.0 = Debug|Any CPU
		{A88700EA-7048-473A-97CE-45FA600B7803}.Release|Any CPU.ActiveCfg = Release|Any CPU
		{A88700EA-7048-473A-97CE-45FA600B7803}.Release|Any CPU.Build.0 = Release|Any CPU
	EndGlobalSection
	GlobalSection(SolutionProperties) = preSolution
		HideSolutionNode = FALSE
	EndGlobalSection
	GlobalSection(ExtensibilityGlobals) = postSolution
		SolutionGuid = {C7DB7770-F101-4641-B629-BBFC1B39812A}
	EndGlobalSection
EndGlobal
